
Microsoft Visual Studio Solution File, Format Version 12.00
# Visual Studio 2017
Project("{FAE04EC0-301F-11D3-BF4B-00C04F79EFBC}") = "Systems Project 2", "Systems Project 2.csproj", "{898C846A-AF23-12B8-8308-5EAA1CE1D545}"
EndProject
Project("{FAE04EC0-301F-11D3-BF4B-00C04F79EFBC}") = "Systems Project 2.Editor", "Systems Project 2.Editor.csproj", "{B1255223-4745-6CD6-EC07-DC3E90FEE510}"
EndProject
Global
	GlobalSection(SolutionConfigurationPlatforms) = preSolution
		Debug|Any CPU = Debug|Any CPU
		Release|Any CPU = Release|Any CPU
	EndGlobalSection
	GlobalSection(ProjectConfigurationPlatforms) = postSolution
		{898C846A-AF23-12B8-8308-5EAA1CE1D545}.Debug|Any CPU.ActiveCfg = Debug|Any CPU
		{898C846A-AF23-12B8-8308-5EAA1CE1D545}.Debug|Any CPU.Build.0 = Debug|Any CPU
		{898C846A-AF23-12B8-8308-5EAA1CE1D545}.Release|Any CPU.ActiveCfg = Release|Any CPU
		{898C846A-AF23-12B8-8308-5EAA1CE1D545}.Release|Any CPU.Build.0 = Release|Any CPU
		{B1255223-4745-6CD6-EC07-DC3E90FEE510}.Debug|Any CPU.ActiveCfg = Debug|Any CPU
		{B1255223-4745-6CD6-EC07-DC3E90FEE510}.Debug|Any CPU.Build.0 = Debug|Any CPU
		{B1255223-4745-6CD6-EC07-DC3E90FEE510}.Release|Any CPU.ActiveCfg = Release|Any CPU
		{B1255223-4745-6CD6-EC07-DC3E90FEE510}.Release|Any CPU.Build.0 = Release|Any CPU
	EndGlobalSection
	GlobalSection(SolutionProperties) = preSolution
		HideSolutionNode = FALSE
	EndGlobalSection
EndGlobal
